
Microsoft Visual Studio Solution File, Format Version 12.00
# Visual Studio Version 17
VisualStudioVersion = 17.8.34525.116
MinimumVisualStudioVersion = 10.0.40219.1
Project("{FAE04EC0-301F-11D3-BF4B-00C04F79EFBC}") = "backend", "backend.csproj", "{8A987E73-8915-41C8-9E7D-2DC36753EEA1}"
EndProject
Global
	GlobalSection(SolutionConfigurationPlatforms) = preSolution
		Debug|Any CPU = Debug|Any CPU
		Release|Any CPU = Release|Any CPU
	EndGlobalSection
	GlobalSection(ProjectConfigurationPlatforms) = postSolution
		{8A987E73-8915-41C8-9E7D-2DC36753EEA1}.Debug|Any CPU.ActiveCfg = Debug|Any CPU
		{8A987E73-8915-41C8-9E7D-2DC36753EEA1}.Debug|Any CPU.Build.0 = Debug|Any CPU
		{8A987E73-8915-41C8-9E7D-2DC36753EEA1}.Release|Any CPU.ActiveCfg = Release|Any CPU
		{8A987E73-8915-41C8-9E7D-2DC36753EEA1}.Release|Any CPU.Build.0 = Release|Any CPU
	EndGlobalSection
	GlobalSection(SolutionProperties) = preSolution
		HideSolutionNode = FALSE
	EndGlobalSection
	GlobalSection(ExtensibilityGlobals) = postSolution
		SolutionGuid = {56208DE3-E596-4EB5-AEFC-A502BDB61F01}
	EndGlobalSection
EndGlobal
